
Microsoft Visual Studio Solution File, Format Version 12.00
# Visual Studio Version 16
VisualStudioVersion = 16.0.30717.126
MinimumVisualStudioVersion = 10.0.40219.1
Project("{9A19103F-16F7-4668-BE54-9A1E7A4F7556}") = "TimesheetLaikas", "TimesheetLaikas\TimesheetLaikas.csproj", "{A77BB140-B64A-4159-B656-1B38182B5D56}"
EndProject
Project("{2150E333-8FDC-42A3-9474-1A3956D46DE8}") = "nginx", "nginx", "{AC45BA6F-14A0-46DC-956B-C53D3A5EDF79}"
	ProjectSection(SolutionItems) = preProject
		.dockerignore = .dockerignore
		TimesheetLaikas\Dockerfile = TimesheetLaikas\Dockerfile
		nginx.conf = nginx.conf
	EndProjectSection
EndProject
Project("{9A19103F-16F7-4668-BE54-9A1E7A4F7556}") = "XUnitTestProject1", "..\XUnitTestProject1\XUnitTestProject1.csproj", "{F24D3D0F-4D37-4AF3-9291-DD5C7457A043}"
EndProject
Global
	GlobalSection(SolutionConfigurationPlatforms) = preSolution
		Debug|Any CPU = Debug|Any CPU
		Release|Any CPU = Release|Any CPU
	EndGlobalSection
	GlobalSection(ProjectConfigurationPlatforms) = postSolution
		{A77BB140-B64A-4159-B656-1B38182B5D56}.Debug|Any CPU.ActiveCfg = Debug|Any CPU
		{A77BB140-B64A-4159-B656-1B38182B5D56}.Debug|Any CPU.Build.0 = Debug|Any CPU
		{A77BB140-B64A-4159-B656-1B38182B5D56}.Release|Any CPU.ActiveCfg = Release|Any CPU
		{A77BB140-B64A-4159-B656-1B38182B5D56}.Release|Any CPU.Build.0 = Release|Any CPU
<<<<<<< HEAD
		{F24D3D0F-4D37-4AF3-9291-DD5C7457A043}.Debug|Any CPU.ActiveCfg = Debug|Any CPU
		{F24D3D0F-4D37-4AF3-9291-DD5C7457A043}.Debug|Any CPU.Build.0 = Debug|Any CPU
		{F24D3D0F-4D37-4AF3-9291-DD5C7457A043}.Release|Any CPU.ActiveCfg = Release|Any CPU
		{F24D3D0F-4D37-4AF3-9291-DD5C7457A043}.Release|Any CPU.Build.0 = Release|Any CPU
=======
		{5E0B7A7B-8475-424C-81A8-84BB76E03716}.Debug|Any CPU.ActiveCfg = Debug|Any CPU
		{5E0B7A7B-8475-424C-81A8-84BB76E03716}.Debug|Any CPU.Build.0 = Debug|Any CPU
		{5E0B7A7B-8475-424C-81A8-84BB76E03716}.Release|Any CPU.ActiveCfg = Release|Any CPU
		{5E0B7A7B-8475-424C-81A8-84BB76E03716}.Release|Any CPU.Build.0 = Release|Any CPU
<<<<<<< HEAD
		{ACC9E8D1-2844-4894-A34C-3D4A01EA0D77}.Debug|Any CPU.ActiveCfg = Debug|Any CPU
		{ACC9E8D1-2844-4894-A34C-3D4A01EA0D77}.Debug|Any CPU.Build.0 = Debug|Any CPU
		{ACC9E8D1-2844-4894-A34C-3D4A01EA0D77}.Release|Any CPU.ActiveCfg = Release|Any CPU
		{ACC9E8D1-2844-4894-A34C-3D4A01EA0D77}.Release|Any CPU.Build.0 = Release|Any CPU
>>>>>>> 44575071a579f5c10062fd56672c622f3deb16e2
=======
>>>>>>> parent of 4457507... Test
	EndGlobalSection
	GlobalSection(SolutionProperties) = preSolution
		HideSolutionNode = FALSE
	EndGlobalSection
	GlobalSection(ExtensibilityGlobals) = postSolution
		SolutionGuid = {E5B6FF5E-3091-4C67-9850-0C434F4E00DD}
	EndGlobalSection
EndGlobal
